<?xml version="1.0" encoding="utf-8"?>
<Project ToolsVersion="4.0" xmlns="http://schemas.microsoft.com/developer/msbuild/2003">
  <ItemGroup>
    <ClCompile Include="Scene.cpp">
      <Filter>Scene</Filter>
    </ClCompile>
    <ClCompile Include="SceneItem.cpp">
      <Filter>Scene</Filter>
    </ClCompile>
    <ClCompile Include="Puzzle.cpp">
      <Filter>Solver</Filter>
    </ClCompile>
    <ClCompile Include="PuzzleLayout.cpp">
      <Filter>Solver</Filter>
    </ClCompile>
    <ClCompile Include="PuzzlePiece.cpp">
      <Filter>Solver</Filter>
    </ClCompile>
    <ClCompile Include="PuzzleSolver.cpp">
      <Filter>Solver</Filter>
    </ClCompile>
    <ClCompile Include="PuzzleVisual.cpp">
      <Filter>Scene</Filter>
    </ClCompile>
    <ClCompile Include="main.cpp" />
    <ClCompile Include="Test.cpp" />
    <ClCompile Include="Camera.cpp">
      <Filter>Rendering</Filter>
    </ClCompile>
    <ClCompile Include="Color.cpp">
      <Filter>Rendering</Filter>
    </ClCompile>
    <ClCompile Include="GPUProgram.cpp">
      <Filter>Rendering</Filter>
    </ClCompile>
    <ClCompile Include="ObjectCamera.cpp">
      <Filter>Rendering</Filter>
    </ClCompile>
    <ClCompile Include="OpenGL.cpp">
      <Filter>Rendering</Filter>
    </ClCompile>
    <ClCompile Include="Renderer.cpp">
      <Filter>Rendering</Filter>
    </ClCompile>
    <ClCompile Include="Texture.cpp">
      <Filter>Rendering</Filter>
    </ClCompile>
    <ClCompile Include="Debug.cpp" />
    <ClCompile Include="IOFunctions.cpp" />
    <ClCompile Include="IOVariables.cpp" />
    <ClCompile Include="MathFunctions.cpp">
      <Filter>Math</Filter>
    </ClCompile>
    <ClCompile Include="Matrix44.cpp">
      <Filter>Math</Filter>
    </ClCompile>
    <ClCompile Include="Vector3.cpp">
      <Filter>Math</Filter>
    </ClCompile>
    <ClCompile Include="VertexIndexBuffer.cpp">
      <Filter>Rendering</Filter>
    </ClCompile>
    <ClCompile Include="Vector2.cpp">
      <Filter>Math</Filter>
    </ClCompile>
    <ClCompile Include="Input.cpp">
      <Filter>Input</Filter>
    </ClCompile>
    <ClCompile Include="Timer.cpp" />
    <ClCompile Include="glew.c">
      <Filter>Rendering</Filter>
    </ClCompile>
    <ClCompile Include="RenderWindow.cpp">
      <Filter>Rendering</Filter>
    </ClCompile>
  </ItemGroup>
  <ItemGroup>
    <ClInclude Include="Scene.h">
      <Filter>Scene</Filter>
    </ClInclude>
    <ClInclude Include="SceneItem.h">
      <Filter>Scene</Filter>
    </ClInclude>
    <ClInclude Include="Puzzle.h">
      <Filter>Solver</Filter>
    </ClInclude>
    <ClInclude Include="PuzzleLayout.h">
      <Filter>Solver</Filter>
    </ClInclude>
    <ClInclude Include="PuzzlePiece.h">
      <Filter>Solver</Filter>
    </ClInclude>
    <ClInclude Include="PuzzleSolver.h">
      <Filter>Solver</Filter>
    </ClInclude>
    <ClInclude Include="common.h">
      <Filter>Solver</Filter>
    </ClInclude>
    <ClInclude Include="PuzzleVisual.h">
      <Filter>Scene</Filter>
    </ClInclude>
    <ClInclude Include="Test.h" />
    <ClInclude Include="Camera.h">
      <Filter>Rendering</Filter>
    </ClInclude>
    <ClInclude Include="Color.h">
      <Filter>Rendering</Filter>
    </ClInclude>
    <ClInclude Include="GPUProgram.h">
      <Filter>Rendering</Filter>
    </ClInclude>
    <ClInclude Include="ObjectCamera.h">
      <Filter>Rendering</Filter>
    </ClInclude>
    <ClInclude Include="OpenGL.h">
      <Filter>Rendering</Filter>
    </ClInclude>
    <ClInclude Include="Renderer.h">
      <Filter>Rendering</Filter>
    </ClInclude>
    <ClInclude Include="Texture.h">
      <Filter>Rendering</Filter>
    </ClInclude>
    <ClInclude Include="Debug.h" />
    <ClInclude Include="GlobalProperties.h" />
    <ClInclude Include="IOFunctions.h" />
    <ClInclude Include="IOVariables.h" />
    <ClInclude Include="Uncopyable.h" />
    <ClInclude Include="MathFunctions.h">
      <Filter>Math</Filter>
    </ClInclude>
    <ClInclude Include="MathConstants.h">
      <Filter>Math</Filter>
    </ClInclude>
    <ClInclude Include="Matrix44.h">
      <Filter>Math</Filter>
    </ClInclude>
    <ClInclude Include="Vector3.h">
      <Filter>Math</Filter>
    </ClInclude>
    <ClInclude Include="RendererEnums.h">
      <Filter>Rendering</Filter>
    </ClInclude>
    <ClInclude Include="VertexIndexBuffer.h">
      <Filter>Rendering</Filter>
    </ClInclude>
    <ClInclude Include="Key.h">
      <Filter>Input</Filter>
    </ClInclude>
    <ClInclude Include="Vector2.h">
      <Filter>Math</Filter>
    </ClInclude>
    <ClInclude Include="Input.h">
      <Filter>Input</Filter>
    </ClInclude>
    <ClInclude Include="Timer.h" />
    <ClInclude Include="GL\glew.h">
      <Filter>Rendering</Filter>
    </ClInclude>
    <ClInclude Include="RenderWindow.h">
      <Filter>Rendering</Filter>
    </ClInclude>
    <ClInclude Include="Vector4.h">
      <Filter>Math</Filter>
    </ClInclude>
  </ItemGroup>
  <ItemGroup>
    <Filter Include="Solver">
      <UniqueIdentifier>{ae470d3d-5ad3-491e-8518-47ace11bdcfc}</UniqueIdentifier>
    </Filter>
    <Filter Include="Rendering">
      <UniqueIdentifier>{7d2ae7aa-bb82-44e4-bcbd-f2e57cb65bed}</UniqueIdentifier>
    </Filter>
    <Filter Include="Scene">
      <UniqueIdentifier>{5d679ba1-f9eb-4fb2-be55-09eac2037a83}</UniqueIdentifier>
    </Filter>
    <Filter Include="Math">
      <UniqueIdentifier>{530fe72d-e7a9-4cba-90ff-4b252219864a}</UniqueIdentifier>
    </Filter>
    <Filter Include="GPUPrograms">
      <UniqueIdentifier>{ccd19d33-677f-4591-9f78-e3943bffa389}</UniqueIdentifier>
    </Filter>
    <Filter Include="Input">
      <UniqueIdentifier>{fe8e1ead-99eb-47f2-8763-4381c791bd55}</UniqueIdentifier>
    </Filter>
  </ItemGroup>
  <ItemGroup>
    <None Include="..\..\bin\GPUPrograms\orennayar.vert">
      <Filter>GPUPrograms</Filter>
    </None>
    <None Include="..\..\bin\GPUPrograms\backDepth.vert">
      <Filter>GPUPrograms</Filter>
    </None>
    <None Include="..\..\bin\GPUPrograms\backDepth.frag">
      <Filter>GPUPrograms</Filter>
    </None>
    <None Include="..\..\bin\GPUPrograms\orennayar.frag">
      <Filter>GPUPrograms</Filter>
    </None>
    <None Include="..\..\bin\GPUPrograms\depthnormal.vert">
      <Filter>GPUPrograms</Filter>
    </None>
    <None Include="..\..\bin\GPUPrograms\depthnormal.frag">
      <Filter>GPUPrograms</Filter>
    </None>
    <None Include="..\..\bin\GPUPrograms\ssao.frag">
      <Filter>GPUPrograms</Filter>
    </None>
    <None Include="..\..\bin\GPUPrograms\ssao.vert">
      <Filter>GPUPrograms</Filter>
    </None>
  </ItemGroup>
</Project>