<?xml version="1.0" encoding="utf-8"?>
<Project ToolsVersion="4.0" xmlns="http://schemas.microsoft.com/developer/msbuild/2003">
  <ItemGroup>
    <ClCompile Include="Camera.cpp">
      <Filter>Visualizer</Filter>
    </ClCompile>
    <ClCompile Include="Color.cpp">
      <Filter>Visualizer</Filter>
    </ClCompile>
    <ClCompile Include="Debug.cpp">
      <Filter>Visualizer</Filter>
    </ClCompile>
    <ClCompile Include="GPUProgram.cpp">
      <Filter>Visualizer</Filter>
    </ClCompile>
    <ClCompile Include="IOFunctions.cpp">
      <Filter>Visualizer</Filter>
    </ClCompile>
    <ClCompile Include="IOVariables.cpp">
      <Filter>Visualizer</Filter>
    </ClCompile>
    <ClCompile Include="MathFunctions.cpp">
      <Filter>Visualizer</Filter>
    </ClCompile>
    <ClCompile Include="Matrix44.cpp">
      <Filter>Visualizer</Filter>
    </ClCompile>
    <ClCompile Include="ObjectCamera.cpp">
      <Filter>Visualizer</Filter>
    </ClCompile>
    <ClCompile Include="OpenGL.cpp">
      <Filter>Visualizer</Filter>
    </ClCompile>
    <ClCompile Include="Renderer.cpp">
      <Filter>Visualizer</Filter>
    </ClCompile>
    <ClCompile Include="Scene.cpp">
      <Filter>Visualizer</Filter>
    </ClCompile>
    <ClCompile Include="SceneItem.cpp">
      <Filter>Visualizer</Filter>
    </ClCompile>
    <ClCompile Include="Texture.cpp">
      <Filter>Visualizer</Filter>
    </ClCompile>
    <ClCompile Include="Vector3.cpp">
      <Filter>Visualizer</Filter>
    </ClCompile>
    <ClCompile Include="Puzzle.cpp">
      <Filter>Solver</Filter>
    </ClCompile>
    <ClCompile Include="PuzzleLayout.cpp">
      <Filter>Solver</Filter>
    </ClCompile>
    <ClCompile Include="PuzzlePiece.cpp">
      <Filter>Solver</Filter>
    </ClCompile>
    <ClCompile Include="PuzzleSolver.cpp">
      <Filter>Solver</Filter>
    </ClCompile>
    <ClCompile Include="PuzzleVisual.cpp">
      <Filter>Visualizer</Filter>
    </ClCompile>
    <ClCompile Include="main.cpp" />
    <ClCompile Include="Test.cpp" />
  </ItemGroup>
  <ItemGroup>
    <ClInclude Include="Camera.h">
      <Filter>Visualizer</Filter>
    </ClInclude>
    <ClInclude Include="Color.h">
      <Filter>Visualizer</Filter>
    </ClInclude>
    <ClInclude Include="Debug.h">
      <Filter>Visualizer</Filter>
    </ClInclude>
    <ClInclude Include="GlobalProperties.h">
      <Filter>Visualizer</Filter>
    </ClInclude>
    <ClInclude Include="GPUProgram.h">
      <Filter>Visualizer</Filter>
    </ClInclude>
    <ClInclude Include="IOFunctions.h">
      <Filter>Visualizer</Filter>
    </ClInclude>
    <ClInclude Include="IOVariables.h">
      <Filter>Visualizer</Filter>
    </ClInclude>
    <ClInclude Include="MathConstants.h">
      <Filter>Visualizer</Filter>
    </ClInclude>
    <ClInclude Include="MathFunctions.h">
      <Filter>Visualizer</Filter>
    </ClInclude>
    <ClInclude Include="Matrix44.h">
      <Filter>Visualizer</Filter>
    </ClInclude>
    <ClInclude Include="ObjectCamera.h">
      <Filter>Visualizer</Filter>
    </ClInclude>
    <ClInclude Include="OpenGL.h">
      <Filter>Visualizer</Filter>
    </ClInclude>
    <ClInclude Include="Renderer.h">
      <Filter>Visualizer</Filter>
    </ClInclude>
    <ClInclude Include="Scene.h">
      <Filter>Visualizer</Filter>
    </ClInclude>
    <ClInclude Include="SceneItem.h">
      <Filter>Visualizer</Filter>
    </ClInclude>
    <ClInclude Include="Texture.h">
      <Filter>Visualizer</Filter>
    </ClInclude>
    <ClInclude Include="Uncopyable.h">
      <Filter>Visualizer</Filter>
    </ClInclude>
    <ClInclude Include="Vector3.h">
      <Filter>Visualizer</Filter>
    </ClInclude>
    <ClInclude Include="Puzzle.h">
      <Filter>Solver</Filter>
    </ClInclude>
    <ClInclude Include="PuzzleLayout.h">
      <Filter>Solver</Filter>
    </ClInclude>
    <ClInclude Include="PuzzlePiece.h">
      <Filter>Solver</Filter>
    </ClInclude>
    <ClInclude Include="PuzzleSolver.h">
      <Filter>Solver</Filter>
    </ClInclude>
    <ClInclude Include="common.h">
      <Filter>Solver</Filter>
    </ClInclude>
    <ClInclude Include="PuzzleVisual.h">
      <Filter>Visualizer</Filter>
    </ClInclude>
    <ClInclude Include="Test.h" />
  </ItemGroup>
  <ItemGroup>
    <Filter Include="Visualizer">
      <UniqueIdentifier>{5d679ba1-f9eb-4fb2-be55-09eac2037a83}</UniqueIdentifier>
    </Filter>
    <Filter Include="Solver">
      <UniqueIdentifier>{ae470d3d-5ad3-491e-8518-47ace11bdcfc}</UniqueIdentifier>
    </Filter>
  </ItemGroup>
</Project>